
Microsoft Visual Studio Solution File, Format Version 12.00
# Visual Studio Version 17
VisualStudioVersion = 17.9.34723.18
MinimumVisualStudioVersion = 10.0.40219.1
Project("{9A19103F-16F7-4668-BE54-9A1E7A4F7556}") = "LogicaNegocio", "LogicaNegocio\LogicaNegocio.csproj", "{18C50675-A1C6-4898-A40A-E9809EA03F00}"
EndProject
Project("{9A19103F-16F7-4668-BE54-9A1E7A4F7556}") = "LogicaAplicacion", "LogicaAplicacion\LogicaAplicacion.csproj", "{663BA660-C60B-499B-A5DC-8C9D2DE7F0D3}"
EndProject
Project("{9A19103F-16F7-4668-BE54-9A1E7A4F7556}") = "LogicaAccesoDatos", "LogicaAccesoDatos\LogicaAccesoDatos.csproj", "{5F4683E0-29EE-47AF-8DB8-E7A96162C07C}"
EndProject
Project("{9A19103F-16F7-4668-BE54-9A1E7A4F7556}") = "DTOs", "DTOs\DTOs.csproj", "{578EAF7A-3ABA-4D0F-BE5E-C70D779697ED}"
EndProject
Project("{9A19103F-16F7-4668-BE54-9A1E7A4F7556}") = "ClinicaMvc", "ClinicaMvc\ClinicaMvc.csproj", "{30A4D65F-0022-494A-89E7-66B6CD9615C8}"
EndProject
Project("{9A19103F-16F7-4668-BE54-9A1E7A4F7556}") = "Ejecutable", "Ejecutable\Ejecutable.csproj", "{A9BEB2BD-58F5-4041-9AFD-C426F96B7760}"
EndProject
Global
	GlobalSection(SolutionConfigurationPlatforms) = preSolution
		Debug|Any CPU = Debug|Any CPU
		Release|Any CPU = Release|Any CPU
	EndGlobalSection
	GlobalSection(ProjectConfigurationPlatforms) = postSolution
		{18C50675-A1C6-4898-A40A-E9809EA03F00}.Debug|Any CPU.ActiveCfg = Debug|Any CPU
		{18C50675-A1C6-4898-A40A-E9809EA03F00}.Debug|Any CPU.Build.0 = Debug|Any CPU
		{18C50675-A1C6-4898-A40A-E9809EA03F00}.Release|Any CPU.ActiveCfg = Release|Any CPU
		{18C50675-A1C6-4898-A40A-E9809EA03F00}.Release|Any CPU.Build.0 = Release|Any CPU
		{663BA660-C60B-499B-A5DC-8C9D2DE7F0D3}.Debug|Any CPU.ActiveCfg = Debug|Any CPU
		{663BA660-C60B-499B-A5DC-8C9D2DE7F0D3}.Debug|Any CPU.Build.0 = Debug|Any CPU
		{663BA660-C60B-499B-A5DC-8C9D2DE7F0D3}.Release|Any CPU.ActiveCfg = Release|Any CPU
		{663BA660-C60B-499B-A5DC-8C9D2DE7F0D3}.Release|Any CPU.Build.0 = Release|Any CPU
		{5F4683E0-29EE-47AF-8DB8-E7A96162C07C}.Debug|Any CPU.ActiveCfg = Debug|Any CPU
		{5F4683E0-29EE-47AF-8DB8-E7A96162C07C}.Debug|Any CPU.Build.0 = Debug|Any CPU
		{5F4683E0-29EE-47AF-8DB8-E7A96162C07C}.Release|Any CPU.ActiveCfg = Release|Any CPU
		{5F4683E0-29EE-47AF-8DB8-E7A96162C07C}.Release|Any CPU.Build.0 = Release|Any CPU
		{578EAF7A-3ABA-4D0F-BE5E-C70D779697ED}.Debug|Any CPU.ActiveCfg = Debug|Any CPU
		{578EAF7A-3ABA-4D0F-BE5E-C70D779697ED}.Debug|Any CPU.Build.0 = Debug|Any CPU
		{578EAF7A-3ABA-4D0F-BE5E-C70D779697ED}.Release|Any CPU.ActiveCfg = Release|Any CPU
		{578EAF7A-3ABA-4D0F-BE5E-C70D779697ED}.Release|Any CPU.Build.0 = Release|Any CPU
		{30A4D65F-0022-494A-89E7-66B6CD9615C8}.Debug|Any CPU.ActiveCfg = Debug|Any CPU
		{30A4D65F-0022-494A-89E7-66B6CD9615C8}.Debug|Any CPU.Build.0 = Debug|Any CPU
		{30A4D65F-0022-494A-89E7-66B6CD9615C8}.Release|Any CPU.ActiveCfg = Release|Any CPU
		{30A4D65F-0022-494A-89E7-66B6CD9615C8}.Release|Any CPU.Build.0 = Release|Any CPU
		{A9BEB2BD-58F5-4041-9AFD-C426F96B7760}.Debug|Any CPU.ActiveCfg = Debug|Any CPU
		{A9BEB2BD-58F5-4041-9AFD-C426F96B7760}.Debug|Any CPU.Build.0 = Debug|Any CPU
		{A9BEB2BD-58F5-4041-9AFD-C426F96B7760}.Release|Any CPU.ActiveCfg = Release|Any CPU
		{A9BEB2BD-58F5-4041-9AFD-C426F96B7760}.Release|Any CPU.Build.0 = Release|Any CPU
	EndGlobalSection
	GlobalSection(SolutionProperties) = preSolution
		HideSolutionNode = FALSE
	EndGlobalSection
	GlobalSection(ExtensibilityGlobals) = postSolution
		SolutionGuid = {CB7726C8-6C79-457F-AEAC-0F46544B8FE8}
	EndGlobalSection
EndGlobal
